# THIS IS AN AUTOGENERATED FILE. DO NOT EDIT THIS FILE DIRECTLY.
# yarn lockfile v1


keyword-extractor@^0.0.15:
  version "0.0.15"
  resolved "https://registry.yarnpkg.com/keyword-extractor/-/keyword-extractor-0.0.15.tgz#193157dc6230f1be81f3147567ee8f16267d8e27"
  dependencies:
    underscore "1.7.0"
    underscore.string "2.3.3"

underscore.string@2.3.3:
  version "2.3.3"
  resolved "https://registry.yarnpkg.com/underscore.string/-/underscore.string-2.3.3.tgz#71c08bf6b428b1133f37e78fa3a21c82f7329b0d"

underscore@1.7.0:
  version "1.7.0"
  resolved "https://registry.yarnpkg.com/underscore/-/underscore-1.7.0.tgz#6bbaf0877500d36be34ecaa584e0db9fef035209"
